
Microsoft Visual Studio Solution File, Format Version 12.00
# Visual Studio Version 17
VisualStudioVersion = 17.13.35806.99
MinimumVisualStudioVersion = 10.0.40219.1
Project("{FAE04EC0-301F-11D3-BF4B-00C04F79EFBC}") = "BlazorEF", "BlazorEF\BlazorEF.csproj", "{05FD68F4-8110-465E-8A2C-7A3C71CD539F}"
EndProject
Project("{FAE04EC0-301F-11D3-BF4B-00C04F79EFBC}") = "WebApiClient", "WebApiClient\WebApiClient.csproj", "{1C23F42D-E990-455A-BAC8-9DC03591BA03}"
EndProject
Project("{FAE04EC0-301F-11D3-BF4B-00C04F79EFBC}") = "EmployeeSurvey", "EmployeeSurvey\EmployeeSurvey.csproj", "{645BF530-E3A6-4846-B22F-60E13C839A47}"
EndProject
Global
	GlobalSection(SolutionConfigurationPlatforms) = preSolution
		Debug|Any CPU = Debug|Any CPU
		Release|Any CPU = Release|Any CPU
	EndGlobalSection
	GlobalSection(ProjectConfigurationPlatforms) = postSolution
		{05FD68F4-8110-465E-8A2C-7A3C71CD539F}.Debug|Any CPU.ActiveCfg = Debug|Any CPU
		{05FD68F4-8110-465E-8A2C-7A3C71CD539F}.Debug|Any CPU.Build.0 = Debug|Any CPU
		{05FD68F4-8110-465E-8A2C-7A3C71CD539F}.Release|Any CPU.ActiveCfg = Release|Any CPU
		{05FD68F4-8110-465E-8A2C-7A3C71CD539F}.Release|Any CPU.Build.0 = Release|Any CPU
		{1C23F42D-E990-455A-BAC8-9DC03591BA03}.Debug|Any CPU.ActiveCfg = Debug|Any CPU
		{1C23F42D-E990-455A-BAC8-9DC03591BA03}.Debug|Any CPU.Build.0 = Debug|Any CPU
		{1C23F42D-E990-455A-BAC8-9DC03591BA03}.Release|Any CPU.ActiveCfg = Release|Any CPU
		{1C23F42D-E990-455A-BAC8-9DC03591BA03}.Release|Any CPU.Build.0 = Release|Any CPU
		{645BF530-E3A6-4846-B22F-60E13C839A47}.Debug|Any CPU.ActiveCfg = Debug|Any CPU
		{645BF530-E3A6-4846-B22F-60E13C839A47}.Debug|Any CPU.Build.0 = Debug|Any CPU
		{645BF530-E3A6-4846-B22F-60E13C839A47}.Release|Any CPU.ActiveCfg = Release|Any CPU
		{645BF530-E3A6-4846-B22F-60E13C839A47}.Release|Any CPU.Build.0 = Release|Any CPU
	EndGlobalSection
	GlobalSection(SolutionProperties) = preSolution
		HideSolutionNode = FALSE
	EndGlobalSection
	GlobalSection(ExtensibilityGlobals) = postSolution
		SolutionGuid = {F60B9892-2A25-4B4D-BE37-B05080BA839E}
	EndGlobalSection
EndGlobal
